
Microsoft Visual Studio Solution File, Format Version 12.00
# Visual Studio Version 16
VisualStudioVersion = 16.0.29409.12
MinimumVisualStudioVersion = 10.0.40219.1
Project("{FAE04EC0-301F-11D3-BF4B-00C04F79EFBC}") = "Lab 18 CoffeeShopFun", "Lab 18 CoffeeShopFun\Lab 18 CoffeeShopFun.csproj", "{F6B7A7BD-431C-4ABC-B557-8FA93019AFD9}"
EndProject
Global
	GlobalSection(SolutionConfigurationPlatforms) = preSolution
		Debug|Any CPU = Debug|Any CPU
		Release|Any CPU = Release|Any CPU
	EndGlobalSection
	GlobalSection(ProjectConfigurationPlatforms) = postSolution
		{F6B7A7BD-431C-4ABC-B557-8FA93019AFD9}.Debug|Any CPU.ActiveCfg = Debug|Any CPU
		{F6B7A7BD-431C-4ABC-B557-8FA93019AFD9}.Debug|Any CPU.Build.0 = Debug|Any CPU
		{F6B7A7BD-431C-4ABC-B557-8FA93019AFD9}.Release|Any CPU.ActiveCfg = Release|Any CPU
		{F6B7A7BD-431C-4ABC-B557-8FA93019AFD9}.Release|Any CPU.Build.0 = Release|Any CPU
	EndGlobalSection
	GlobalSection(SolutionProperties) = preSolution
		HideSolutionNode = FALSE
	EndGlobalSection
	GlobalSection(ExtensibilityGlobals) = postSolution
		SolutionGuid = {EC716DDF-F816-4C78-8AC6-F26C3D85D407}
	EndGlobalSection
EndGlobal
